// !$*UTF8*$!
{
	archiveVersion = 1;
	classes = {
	};
	objectVersion = 56;
	objects = {

/* Begin PBXBuildFile section */
		8400BE0D2A31C87400C2029E /* NSColor+CSS.swift in Sources */ = {isa = PBXBuildFile; fileRef = 8400BE0C2A31C87400C2029E /* NSColor+CSS.swift */; };
		8400BE0F2A31D1D500C2029E /* ColorEditorView.swift in Sources */ = {isa = PBXBuildFile; fileRef = 8400BE0E2A31D1D500C2029E /* ColorEditorView.swift */; };
		8400BE112A31D51000C2029E /* ColorUpdateView.swift in Sources */ = {isa = PBXBuildFile; fileRef = 8400BE102A31D51000C2029E /* ColorUpdateView.swift */; };
		8402C3B22A0F752500CCC582 /* SaveColorForm.swift in Sources */ = {isa = PBXBuildFile; fileRef = 8402C3B12A0F752500CCC582 /* SaveColorForm.swift */; };
		8402C3B42A0F770C00CCC582 /* ColorListRow.swift in Sources */ = {isa = PBXBuildFile; fileRef = 8402C3B32A0F770C00CCC582 /* ColorListRow.swift */; };
		8402C3B82A0F7BD900CCC582 /* ColorInfo.swift in Sources */ = {isa = PBXBuildFile; fileRef = 8402C3B72A0F7BD900CCC582 /* ColorInfo.swift */; };
		8402C3BA2A0F7C6F00CCC582 /* NSColor+Hex.swift in Sources */ = {isa = PBXBuildFile; fileRef = 8402C3B92A0F7C6F00CCC582 /* NSColor+Hex.swift */; };
		842423472A17057500056AC5 /* CurrentColorProfile.swift in Sources */ = {isa = PBXBuildFile; fileRef = 842423462A17057500056AC5 /* CurrentColorProfile.swift */; };
		842567562A204CD000953981 /* ColorSampler.swift in Sources */ = {isa = PBXBuildFile; fileRef = 842567552A204CD000953981 /* ColorSampler.swift */; };
		8425675C2A21D6FB00953981 /* ColorFormatter.swift in Sources */ = {isa = PBXBuildFile; fileRef = 8425675B2A21D6FB00953981 /* ColorFormatter.swift */; };
		8429484D2A0C818E001FA318 /* SolidApp.swift in Sources */ = {isa = PBXBuildFile; fileRef = 8429484C2A0C818E001FA318 /* SolidApp.swift */; };
		8429484F2A0C818E001FA318 /* ContentView.swift in Sources */ = {isa = PBXBuildFile; fileRef = 8429484E2A0C818E001FA318 /* ContentView.swift */; };
		842948512A0C8190001FA318 /* Assets.xcassets in Resources */ = {isa = PBXBuildFile; fileRef = 842948502A0C8190001FA318 /* Assets.xcassets */; };
		842948542A0C8190001FA318 /* Preview Assets.xcassets in Resources */ = {isa = PBXBuildFile; fileRef = 842948532A0C8190001FA318 /* Preview Assets.xcassets */; };
		8429485C2A0C8694001FA318 /* SaturationBrightnessSlider.swift in Sources */ = {isa = PBXBuildFile; fileRef = 8429485B2A0C8694001FA318 /* SaturationBrightnessSlider.swift */; };
		8429485E2A0C9342001FA318 /* Editor.swift in Sources */ = {isa = PBXBuildFile; fileRef = 8429485D2A0C9342001FA318 /* Editor.swift */; };
		842948602A0C93E6001FA318 /* ColorList.swift in Sources */ = {isa = PBXBuildFile; fileRef = 8429485F2A0C93E6001FA318 /* ColorList.swift */; };
		842948632A0C97B2001FA318 /* Solid.xcdatamodeld in Sources */ = {isa = PBXBuildFile; fileRef = 842948612A0C97B2001FA318 /* Solid.xcdatamodeld */; };
		842948652A0C9853001FA318 /* PersistenceController.swift in Sources */ = {isa = PBXBuildFile; fileRef = 842948642A0C9853001FA318 /* PersistenceController.swift */; };
		8429488C2A0E6E26001FA318 /* ColorSamplerView.swift in Sources */ = {isa = PBXBuildFile; fileRef = 8429488B2A0E6E26001FA318 /* ColorSamplerView.swift */; };
		842CFD172A3B062100406EB0 /* ColorSwatch.swift in Sources */ = {isa = PBXBuildFile; fileRef = 842CFD162A3B062100406EB0 /* ColorSwatch.swift */; };
		842CFD192A3B085300406EB0 /* SearchBar.swift in Sources */ = {isa = PBXBuildFile; fileRef = 842CFD182A3B085300406EB0 /* SearchBar.swift */; };
		8430593B2A1CC121005C53D8 /* Defaults in Frameworks */ = {isa = PBXBuildFile; productRef = 8430593A2A1CC121005C53D8 /* Defaults */; };
		8430593D2A1CC1B1005C53D8 /* EditorSettings.swift in Sources */ = {isa = PBXBuildFile; fileRef = 8430593C2A1CC1B1005C53D8 /* EditorSettings.swift */; };
		843059402A1CC4AA005C53D8 /* AppSettings.swift in Sources */ = {isa = PBXBuildFile; fileRef = 8430593F2A1CC4AA005C53D8 /* AppSettings.swift */; };
		843059442A1CC61C005C53D8 /* GeneralSettings.swift in Sources */ = {isa = PBXBuildFile; fileRef = 843059432A1CC61C005C53D8 /* GeneralSettings.swift */; };
		843059462A1CC7BE005C53D8 /* ColorSettings.swift in Sources */ = {isa = PBXBuildFile; fileRef = 843059452A1CC7BE005C53D8 /* ColorSettings.swift */; };
		843ADD712A11C92600DCCCF0 /* ComponentInput.swift in Sources */ = {isa = PBXBuildFile; fileRef = 843ADD702A11C92600DCCCF0 /* ComponentInput.swift */; };
		843ADD732A11DD8200DCCCF0 /* HSBAInputGroup.swift in Sources */ = {isa = PBXBuildFile; fileRef = 843ADD722A11DD8200DCCCF0 /* HSBAInputGroup.swift */; };
		843D4C562A0F860600C04536 /* SolidTabView.swift in Sources */ = {isa = PBXBuildFile; fileRef = 843D4C552A0F860600C04536 /* SolidTabView.swift */; };
		844488C12A185E4E001F41B0 /* InputGroup.swift in Sources */ = {isa = PBXBuildFile; fileRef = 844488C02A185E4E001F41B0 /* InputGroup.swift */; };
		844BB96B2A4A8E3D003C6734 /* PersistenceController+Preview.swift in Sources */ = {isa = PBXBuildFile; fileRef = 844BB96A2A4A8E3D003C6734 /* PersistenceController+Preview.swift */; };
		8455B1E52A1632CD00EB335B /* ColorSpace.swift in Sources */ = {isa = PBXBuildFile; fileRef = 8455B1E42A1632CD00EB335B /* ColorSpace.swift */; };
		8455B2022A1662B400EB335B /* ColorProfileSupportDetail.swift in Sources */ = {isa = PBXBuildFile; fileRef = 8455B2012A1662B400EB335B /* ColorProfileSupportDetail.swift */; };
		845EEE932A2DCA340074B167 /* RestoreWindowFrameModifier.swift in Sources */ = {isa = PBXBuildFile; fileRef = 845EEE922A2DCA340074B167 /* RestoreWindowFrameModifier.swift */; };
		845EEE952A2DCA6C0074B167 /* SyncStayOnTopModifier.swift in Sources */ = {isa = PBXBuildFile; fileRef = 845EEE942A2DCA6C0074B167 /* SyncStayOnTopModifier.swift */; };
		846211E42A13711A0009E048 /* HueSlider.swift in Sources */ = {isa = PBXBuildFile; fileRef = 846211E32A13711A0009E048 /* HueSlider.swift */; };
		846211E62A1373F90009E048 /* Comparable+Clamped.swift in Sources */ = {isa = PBXBuildFile; fileRef = 846211E52A1373F90009E048 /* Comparable+Clamped.swift */; };
		846211E82A1376A70009E048 /* AlphaSlider.swift in Sources */ = {isa = PBXBuildFile; fileRef = 846211E72A1376A70009E048 /* AlphaSlider.swift */; };
		846211EA2A137E3E0009E048 /* Slider.swift in Sources */ = {isa = PBXBuildFile; fileRef = 846211E92A137E3E0009E048 /* Slider.swift */; };
		846211EC2A1380B90009E048 /* CheckerBoardBackground.swift in Sources */ = {isa = PBXBuildFile; fileRef = 846211EB2A1380B90009E048 /* CheckerBoardBackground.swift */; };
		846211EE2A13B7640009E048 /* SolidButtonStyle.swift in Sources */ = {isa = PBXBuildFile; fileRef = 846211ED2A13B7640009E048 /* SolidButtonStyle.swift */; };
		84757BE12A170FA9004B9EE0 /* SaveColorButton.swift in Sources */ = {isa = PBXBuildFile; fileRef = 84757BE02A170FA9004B9EE0 /* SaveColorButton.swift */; };
		84757BE42A17524A004B9EE0 /* HSBEditor.swift in Sources */ = {isa = PBXBuildFile; fileRef = 84757BE32A17524A004B9EE0 /* HSBEditor.swift */; };
		84757BE62A1755C3004B9EE0 /* RGBEditor.swift in Sources */ = {isa = PBXBuildFile; fileRef = 84757BE52A1755C3004B9EE0 /* RGBEditor.swift */; };
		84757BE82A175956004B9EE0 /* HSLEditor.swift in Sources */ = {isa = PBXBuildFile; fileRef = 84757BE72A175956004B9EE0 /* HSLEditor.swift */; };
		84757BEB2A1759F0004B9EE0 /* SaturationLightnessSlider.swift in Sources */ = {isa = PBXBuildFile; fileRef = 84757BEA2A1759F0004B9EE0 /* SaturationLightnessSlider.swift */; };
		84757BED2A175A7D004B9EE0 /* NSColor+HSL.swift in Sources */ = {isa = PBXBuildFile; fileRef = 84757BEC2A175A7C004B9EE0 /* NSColor+HSL.swift */; };
		84757BEF2A1776F7004B9EE0 /* ColorModel.swift in Sources */ = {isa = PBXBuildFile; fileRef = 84757BEE2A1776F7004B9EE0 /* ColorModel.swift */; };
		84757BF12A177CA6004B9EE0 /* HSLAInputGroup.swift in Sources */ = {isa = PBXBuildFile; fileRef = 84757BF02A177CA6004B9EE0 /* HSLAInputGroup.swift */; };
		8499A7DD2A1F60D600378468 /* AppMenuBar.swift in Sources */ = {isa = PBXBuildFile; fileRef = 8499A7DC2A1F60D600378468 /* AppMenuBar.swift */; };
		84A2DC362A1F0094002D3A12 /* ColorPublisher.swift in Sources */ = {isa = PBXBuildFile; fileRef = 84A2DC352A1F0094002D3A12 /* ColorPublisher.swift */; };
		84A7EEBD2A259FF300A5C532 /* HexInput.swift in Sources */ = {isa = PBXBuildFile; fileRef = 84A7EEBC2A259FF300A5C532 /* HexInput.swift */; };
		84AF1BD82A4C136800EBC3B2 /* CopyHexButton.swift in Sources */ = {isa = PBXBuildFile; fileRef = 84AF1BD72A4C136800EBC3B2 /* CopyHexButton.swift */; };
		84AF1BDA2A4C1F3B00EBC3B2 /* MenuBarProvider.swift in Sources */ = {isa = PBXBuildFile; fileRef = 84AF1BD92A4C1F3B00EBC3B2 /* MenuBarProvider.swift */; };
		84D323762A146971000292D9 /* ColorModelPicker.swift in Sources */ = {isa = PBXBuildFile; fileRef = 84D323752A146971000292D9 /* ColorModelPicker.swift */; };
		84D323782A14D2A8000292D9 /* RGBAInputGroup.swift in Sources */ = {isa = PBXBuildFile; fileRef = 84D323772A14D2A8000292D9 /* RGBAInputGroup.swift */; };
		84E903EE2A1DC1BD00E65805 /* DualAxisSlider.swift in Sources */ = {isa = PBXBuildFile; fileRef = 84E903ED2A1DC1BD00E65805 /* DualAxisSlider.swift */; };
/* End PBXBuildFile section */

/* Begin PBXFileReference section */
		8400BE0C2A31C87400C2029E /* NSColor+CSS.swift */ = {isa = PBXFileReference; lastKnownFileType = sourcecode.swift; path = "NSColor+CSS.swift"; sourceTree = "<group>"; };
		8400BE0E2A31D1D500C2029E /* ColorEditorView.swift */ = {isa = PBXFileReference; lastKnownFileType = sourcecode.swift; path = ColorEditorView.swift; sourceTree = "<group>"; };
		8400BE102A31D51000C2029E /* ColorUpdateView.swift */ = {isa = PBXFileReference; lastKnownFileType = sourcecode.swift; path = ColorUpdateView.swift; sourceTree = "<group>"; };
		8402C3B12A0F752500CCC582 /* SaveColorForm.swift */ = {isa = PBXFileReference; lastKnownFileType = sourcecode.swift; path = SaveColorForm.swift; sourceTree = "<group>"; };
		8402C3B32A0F770C00CCC582 /* ColorListRow.swift */ = {isa = PBXFileReference; lastKnownFileType = sourcecode.swift; path = ColorListRow.swift; sourceTree = "<group>"; };
		8402C3B72A0F7BD900CCC582 /* ColorInfo.swift */ = {isa = PBXFileReference; lastKnownFileType = sourcecode.swift; path = ColorInfo.swift; sourceTree = "<group>"; };
		8402C3B92A0F7C6F00CCC582 /* NSColor+Hex.swift */ = {isa = PBXFileReference; lastKnownFileType = sourcecode.swift; path = "NSColor+Hex.swift"; sourceTree = "<group>"; };
		842423462A17057500056AC5 /* CurrentColorProfile.swift */ = {isa = PBXFileReference; lastKnownFileType = sourcecode.swift; path = CurrentColorProfile.swift; sourceTree = "<group>"; };
		842567552A204CD000953981 /* ColorSampler.swift */ = {isa = PBXFileReference; lastKnownFileType = sourcecode.swift; path = ColorSampler.swift; sourceTree = "<group>"; };
		8425675B2A21D6FB00953981 /* ColorFormatter.swift */ = {isa = PBXFileReference; lastKnownFileType = sourcecode.swift; path = ColorFormatter.swift; sourceTree = "<group>"; };
		842948492A0C818E001FA318 /* Solid.app */ = {isa = PBXFileReference; explicitFileType = wrapper.application; includeInIndex = 0; path = Solid.app; sourceTree = BUILT_PRODUCTS_DIR; };
		8429484C2A0C818E001FA318 /* SolidApp.swift */ = {isa = PBXFileReference; lastKnownFileType = sourcecode.swift; path = SolidApp.swift; sourceTree = "<group>"; };
		8429484E2A0C818E001FA318 /* ContentView.swift */ = {isa = PBXFileReference; lastKnownFileType = sourcecode.swift; path = ContentView.swift; sourceTree = "<group>"; };
		842948502A0C8190001FA318 /* Assets.xcassets */ = {isa = PBXFileReference; lastKnownFileType = folder.assetcatalog; path = Assets.xcassets; sourceTree = "<group>"; };
		842948532A0C8190001FA318 /* Preview Assets.xcassets */ = {isa = PBXFileReference; lastKnownFileType = folder.assetcatalog; path = "Preview Assets.xcassets"; sourceTree = "<group>"; };
		842948552A0C8190001FA318 /* Solid.entitlements */ = {isa = PBXFileReference; lastKnownFileType = text.plist.entitlements; path = Solid.entitlements; sourceTree = "<group>"; };
		8429485B2A0C8694001FA318 /* SaturationBrightnessSlider.swift */ = {isa = PBXFileReference; lastKnownFileType = sourcecode.swift; path = SaturationBrightnessSlider.swift; sourceTree = "<group>"; };
		8429485D2A0C9342001FA318 /* Editor.swift */ = {isa = PBXFileReference; lastKnownFileType = sourcecode.swift; path = Editor.swift; sourceTree = "<group>"; };
		8429485F2A0C93E6001FA318 /* ColorList.swift */ = {isa = PBXFileReference; lastKnownFileType = sourcecode.swift; path = ColorList.swift; sourceTree = "<group>"; };
		842948622A0C97B2001FA318 /* Solid.xcdatamodel */ = {isa = PBXFileReference; lastKnownFileType = wrapper.xcdatamodel; path = Solid.xcdatamodel; sourceTree = "<group>"; };
		842948642A0C9853001FA318 /* PersistenceController.swift */ = {isa = PBXFileReference; lastKnownFileType = sourcecode.swift; path = PersistenceController.swift; sourceTree = "<group>"; };
		8429488B2A0E6E26001FA318 /* ColorSamplerView.swift */ = {isa = PBXFileReference; lastKnownFileType = sourcecode.swift; path = ColorSamplerView.swift; sourceTree = "<group>"; };
		842CFD162A3B062100406EB0 /* ColorSwatch.swift */ = {isa = PBXFileReference; lastKnownFileType = sourcecode.swift; path = ColorSwatch.swift; sourceTree = "<group>"; };
		842CFD182A3B085300406EB0 /* SearchBar.swift */ = {isa = PBXFileReference; lastKnownFileType = sourcecode.swift; path = SearchBar.swift; sourceTree = "<group>"; };
		8430593C2A1CC1B1005C53D8 /* EditorSettings.swift */ = {isa = PBXFileReference; lastKnownFileType = sourcecode.swift; path = EditorSettings.swift; sourceTree = "<group>"; };
		8430593F2A1CC4AA005C53D8 /* AppSettings.swift */ = {isa = PBXFileReference; lastKnownFileType = sourcecode.swift; path = AppSettings.swift; sourceTree = "<group>"; };
		843059432A1CC61C005C53D8 /* GeneralSettings.swift */ = {isa = PBXFileReference; lastKnownFileType = sourcecode.swift; path = GeneralSettings.swift; sourceTree = "<group>"; };
		843059452A1CC7BE005C53D8 /* ColorSettings.swift */ = {isa = PBXFileReference; lastKnownFileType = sourcecode.swift; path = ColorSettings.swift; sourceTree = "<group>"; };
		843ADD702A11C92600DCCCF0 /* ComponentInput.swift */ = {isa = PBXFileReference; lastKnownFileType = sourcecode.swift; path = ComponentInput.swift; sourceTree = "<group>"; };
		843ADD722A11DD8200DCCCF0 /* HSBAInputGroup.swift */ = {isa = PBXFileReference; lastKnownFileType = sourcecode.swift; path = HSBAInputGroup.swift; sourceTree = "<group>"; };
		843D4C552A0F860600C04536 /* SolidTabView.swift */ = {isa = PBXFileReference; lastKnownFileType = sourcecode.swift; path = SolidTabView.swift; sourceTree = "<group>"; };
		844488C02A185E4E001F41B0 /* InputGroup.swift */ = {isa = PBXFileReference; lastKnownFileType = sourcecode.swift; path = InputGroup.swift; sourceTree = "<group>"; };
		844BB96A2A4A8E3D003C6734 /* PersistenceController+Preview.swift */ = {isa = PBXFileReference; lastKnownFileType = sourcecode.swift; path = "PersistenceController+Preview.swift"; sourceTree = "<group>"; };
		8455B1E42A1632CD00EB335B /* ColorSpace.swift */ = {isa = PBXFileReference; lastKnownFileType = sourcecode.swift; path = ColorSpace.swift; sourceTree = "<group>"; };
		8455B2012A1662B400EB335B /* ColorProfileSupportDetail.swift */ = {isa = PBXFileReference; lastKnownFileType = sourcecode.swift; path = ColorProfileSupportDetail.swift; sourceTree = "<group>"; };
		845EEE922A2DCA340074B167 /* RestoreWindowFrameModifier.swift */ = {isa = PBXFileReference; lastKnownFileType = sourcecode.swift; path = RestoreWindowFrameModifier.swift; sourceTree = "<group>"; };
		845EEE942A2DCA6C0074B167 /* SyncStayOnTopModifier.swift */ = {isa = PBXFileReference; lastKnownFileType = sourcecode.swift; path = SyncStayOnTopModifier.swift; sourceTree = "<group>"; };
		846211E32A13711A0009E048 /* HueSlider.swift */ = {isa = PBXFileReference; lastKnownFileType = sourcecode.swift; path = HueSlider.swift; sourceTree = "<group>"; };
		846211E52A1373F90009E048 /* Comparable+Clamped.swift */ = {isa = PBXFileReference; lastKnownFileType = sourcecode.swift; path = "Comparable+Clamped.swift"; sourceTree = "<group>"; };
		846211E72A1376A70009E048 /* AlphaSlider.swift */ = {isa = PBXFileReference; lastKnownFileType = sourcecode.swift; path = AlphaSlider.swift; sourceTree = "<group>"; };
		846211E92A137E3E0009E048 /* Slider.swift */ = {isa = PBXFileReference; lastKnownFileType = sourcecode.swift; path = Slider.swift; sourceTree = "<group>"; };
		846211EB2A1380B90009E048 /* CheckerBoardBackground.swift */ = {isa = PBXFileReference; lastKnownFileType = sourcecode.swift; path = CheckerBoardBackground.swift; sourceTree = "<group>"; };
		846211ED2A13B7640009E048 /* SolidButtonStyle.swift */ = {isa = PBXFileReference; lastKnownFileType = sourcecode.swift; path = SolidButtonStyle.swift; sourceTree = "<group>"; };
		84757BE02A170FA9004B9EE0 /* SaveColorButton.swift */ = {isa = PBXFileReference; lastKnownFileType = sourcecode.swift; path = SaveColorButton.swift; sourceTree = "<group>"; };
		84757BE32A17524A004B9EE0 /* HSBEditor.swift */ = {isa = PBXFileReference; lastKnownFileType = sourcecode.swift; path = HSBEditor.swift; sourceTree = "<group>"; };
		84757BE52A1755C3004B9EE0 /* RGBEditor.swift */ = {isa = PBXFileReference; lastKnownFileType = sourcecode.swift; path = RGBEditor.swift; sourceTree = "<group>"; };
		84757BE72A175956004B9EE0 /* HSLEditor.swift */ = {isa = PBXFileReference; lastKnownFileType = sourcecode.swift; path = HSLEditor.swift; sourceTree = "<group>"; };
		84757BEA2A1759F0004B9EE0 /* SaturationLightnessSlider.swift */ = {isa = PBXFileReference; lastKnownFileType = sourcecode.swift; path = SaturationLightnessSlider.swift; sourceTree = "<group>"; };
		84757BEC2A175A7C004B9EE0 /* NSColor+HSL.swift */ = {isa = PBXFileReference; lastKnownFileType = sourcecode.swift; path = "NSColor+HSL.swift"; sourceTree = "<group>"; };
		84757BEE2A1776F7004B9EE0 /* ColorModel.swift */ = {isa = PBXFileReference; lastKnownFileType = sourcecode.swift; path = ColorModel.swift; sourceTree = "<group>"; };
		84757BF02A177CA6004B9EE0 /* HSLAInputGroup.swift */ = {isa = PBXFileReference; lastKnownFileType = sourcecode.swift; path = HSLAInputGroup.swift; sourceTree = "<group>"; };
		8499A7DC2A1F60D600378468 /* AppMenuBar.swift */ = {isa = PBXFileReference; lastKnownFileType = sourcecode.swift; path = AppMenuBar.swift; sourceTree = "<group>"; };
		84A2DC352A1F0094002D3A12 /* ColorPublisher.swift */ = {isa = PBXFileReference; lastKnownFileType = sourcecode.swift; path = ColorPublisher.swift; sourceTree = "<group>"; };
		84A7EEBC2A259FF300A5C532 /* HexInput.swift */ = {isa = PBXFileReference; lastKnownFileType = sourcecode.swift; path = HexInput.swift; sourceTree = "<group>"; };
		84AF1BD72A4C136800EBC3B2 /* CopyHexButton.swift */ = {isa = PBXFileReference; lastKnownFileType = sourcecode.swift; path = CopyHexButton.swift; sourceTree = "<group>"; };
		84AF1BD92A4C1F3B00EBC3B2 /* MenuBarProvider.swift */ = {isa = PBXFileReference; lastKnownFileType = sourcecode.swift; path = MenuBarProvider.swift; sourceTree = "<group>"; };
		84D323752A146971000292D9 /* ColorModelPicker.swift */ = {isa = PBXFileReference; lastKnownFileType = sourcecode.swift; path = ColorModelPicker.swift; sourceTree = "<group>"; };
		84D323772A14D2A8000292D9 /* RGBAInputGroup.swift */ = {isa = PBXFileReference; lastKnownFileType = sourcecode.swift; path = RGBAInputGroup.swift; sourceTree = "<group>"; };
		84E903ED2A1DC1BD00E65805 /* DualAxisSlider.swift */ = {isa = PBXFileReference; lastKnownFileType = sourcecode.swift; path = DualAxisSlider.swift; sourceTree = "<group>"; };
/* End PBXFileReference section */

/* Begin PBXFrameworksBuildPhase section */
		842948462A0C818E001FA318 /* Frameworks */ = {
			isa = PBXFrameworksBuildPhase;
			buildActionMask = 2147483647;
			files = (
				8430593B2A1CC121005C53D8 /* Defaults in Frameworks */,
			);
			runOnlyForDeploymentPostprocessing = 0;
		};
/* End PBXFrameworksBuildPhase section */

/* Begin PBXGroup section */
		842567542A204CB200953981 /* ColorSampler */ = {
			isa = PBXGroup;
			children = (
				8429488B2A0E6E26001FA318 /* ColorSamplerView.swift */,
				842567552A204CD000953981 /* ColorSampler.swift */,
			);
			path = ColorSampler;
			sourceTree = "<group>";
		};
		842567572A204EFB00953981 /* HSB */ = {
			isa = PBXGroup;
			children = (
				843ADD722A11DD8200DCCCF0 /* HSBAInputGroup.swift */,
				8429485B2A0C8694001FA318 /* SaturationBrightnessSlider.swift */,
				84757BE32A17524A004B9EE0 /* HSBEditor.swift */,
			);
			path = HSB;
			sourceTree = "<group>";
		};
		842567582A204F0F00953981 /* HSL */ = {
			isa = PBXGroup;
			children = (
				84757BF02A177CA6004B9EE0 /* HSLAInputGroup.swift */,
				84757BEA2A1759F0004B9EE0 /* SaturationLightnessSlider.swift */,
				84757BE72A175956004B9EE0 /* HSLEditor.swift */,
			);
			path = HSL;
			sourceTree = "<group>";
		};
		842567592A204F1D00953981 /* RGB */ = {
			isa = PBXGroup;
			children = (
				84D323772A14D2A8000292D9 /* RGBAInputGroup.swift */,
				84757BE52A1755C3004B9EE0 /* RGBEditor.swift */,
			);
			path = RGB;
			sourceTree = "<group>";
		};
		842948402A0C818E001FA318 = {
			isa = PBXGroup;
			children = (
				8429484B2A0C818E001FA318 /* Solid */,
				8429484A2A0C818E001FA318 /* Products */,
			);
			sourceTree = "<group>";
		};
		8429484A2A0C818E001FA318 /* Products */ = {
			isa = PBXGroup;
			children = (
				842948492A0C818E001FA318 /* Solid.app */,
			);
			name = Products;
			sourceTree = "<group>";
		};
		8429484B2A0C818E001FA318 /* Solid */ = {
			isa = PBXGroup;
			children = (
				845EEE992A2DD2940074B167 /* App */,
				8499A7DB2A1F60C900378468 /* MenuBar */,
				84BB73572A15C6880017B9DF /* Navigation */,
				84BB73582A15C6920017B9DF /* Editor */,
				84BB73592A15C6AB0017B9DF /* ColorList */,
				842567542A204CB200953981 /* ColorSampler */,
				8430593E2A1CC49C005C53D8 /* AppSettings */,
				8472FCF72A15C9C100F3B862 /* Data */,
				84BB735A2A15C6D80017B9DF /* UI */,
				8472FCF62A15C9AF00F3B862 /* Utils */,
				842948612A0C97B2001FA318 /* Solid.xcdatamodeld */,
				842948502A0C8190001FA318 /* Assets.xcassets */,
				842948552A0C8190001FA318 /* Solid.entitlements */,
				842948522A0C8190001FA318 /* Preview Content */,
			);
			path = Solid;
			sourceTree = "<group>";
		};
		842948522A0C8190001FA318 /* Preview Content */ = {
			isa = PBXGroup;
			children = (
				842948532A0C8190001FA318 /* Preview Assets.xcassets */,
			);
			path = "Preview Content";
			sourceTree = "<group>";
		};
		8430593E2A1CC49C005C53D8 /* AppSettings */ = {
			isa = PBXGroup;
			children = (
				8430593F2A1CC4AA005C53D8 /* AppSettings.swift */,
				843059432A1CC61C005C53D8 /* GeneralSettings.swift */,
				843059452A1CC7BE005C53D8 /* ColorSettings.swift */,
			);
			path = AppSettings;
			sourceTree = "<group>";
		};
		844A96202A15C8AA00E62376 /* Sliders */ = {
			isa = PBXGroup;
			children = (
				846211E92A137E3E0009E048 /* Slider.swift */,
				846211E72A1376A70009E048 /* AlphaSlider.swift */,
				846211E32A13711A0009E048 /* HueSlider.swift */,
				84E903ED2A1DC1BD00E65805 /* DualAxisSlider.swift */,
			);
			path = Sliders;
			sourceTree = "<group>";
		};
		844A96212A15C90D00E62376 /* ComponentInput */ = {
			isa = PBXGroup;
			children = (
				844488C02A185E4E001F41B0 /* InputGroup.swift */,
				843ADD702A11C92600DCCCF0 /* ComponentInput.swift */,
			);
			path = ComponentInput;
			sourceTree = "<group>";
		};
		845EEE992A2DD2940074B167 /* App */ = {
			isa = PBXGroup;
			children = (
				845EEE942A2DCA6C0074B167 /* SyncStayOnTopModifier.swift */,
				845EEE922A2DCA340074B167 /* RestoreWindowFrameModifier.swift */,
				8429484C2A0C818E001FA318 /* SolidApp.swift */,
			);
			path = App;
			sourceTree = "<group>";
		};
		8472FCF62A15C9AF00F3B862 /* Utils */ = {
			isa = PBXGroup;
			children = (
				8425675B2A21D6FB00953981 /* ColorFormatter.swift */,
				8402C3B92A0F7C6F00CCC582 /* NSColor+Hex.swift */,
				846211E52A1373F90009E048 /* Comparable+Clamped.swift */,
				84757BEC2A175A7C004B9EE0 /* NSColor+HSL.swift */,
				8400BE0C2A31C87400C2029E /* NSColor+CSS.swift */,
				844BB96A2A4A8E3D003C6734 /* PersistenceController+Preview.swift */,
			);
			path = Utils;
			sourceTree = "<group>";
		};
		8472FCF72A15C9C100F3B862 /* Data */ = {
			isa = PBXGroup;
			children = (
				842948642A0C9853001FA318 /* PersistenceController.swift */,
				8455B1E42A1632CD00EB335B /* ColorSpace.swift */,
				84757BEE2A1776F7004B9EE0 /* ColorModel.swift */,
				84A2DC352A1F0094002D3A12 /* ColorPublisher.swift */,
			);
			path = Data;
			sourceTree = "<group>";
		};
		8472FCFA2A161A2B00F3B862 /* ColorInfo */ = {
			isa = PBXGroup;
			children = (
				84757BDF2A170F91004B9EE0 /* SaveColor */,
				84757BDE2A170DDC004B9EE0 /* CurrentColorProfile */,
				8402C3B72A0F7BD900CCC582 /* ColorInfo.swift */,
				84A7EEBC2A259FF300A5C532 /* HexInput.swift */,
				84AF1BD72A4C136800EBC3B2 /* CopyHexButton.swift */,
			);
			path = ColorInfo;
			sourceTree = "<group>";
		};
		84757BDE2A170DDC004B9EE0 /* CurrentColorProfile */ = {
			isa = PBXGroup;
			children = (
				842423462A17057500056AC5 /* CurrentColorProfile.swift */,
				8455B2012A1662B400EB335B /* ColorProfileSupportDetail.swift */,
			);
			path = CurrentColorProfile;
			sourceTree = "<group>";
		};
		84757BDF2A170F91004B9EE0 /* SaveColor */ = {
			isa = PBXGroup;
			children = (
				8402C3B12A0F752500CCC582 /* SaveColorForm.swift */,
				84757BE02A170FA9004B9EE0 /* SaveColorButton.swift */,
			);
			path = SaveColor;
			sourceTree = "<group>";
		};
		8499A7DB2A1F60C900378468 /* MenuBar */ = {
			isa = PBXGroup;
			children = (
				8499A7DC2A1F60D600378468 /* AppMenuBar.swift */,
				84AF1BD92A4C1F3B00EBC3B2 /* MenuBarProvider.swift */,
			);
			path = MenuBar;
			sourceTree = "<group>";
		};
		84BB73572A15C6880017B9DF /* Navigation */ = {
			isa = PBXGroup;
			children = (
				843D4C552A0F860600C04536 /* SolidTabView.swift */,
				8429484E2A0C818E001FA318 /* ContentView.swift */,
			);
			path = Navigation;
			sourceTree = "<group>";
		};
		84BB73582A15C6920017B9DF /* Editor */ = {
			isa = PBXGroup;
			children = (
				8429485D2A0C9342001FA318 /* Editor.swift */,
				8400BE0E2A31D1D500C2029E /* ColorEditorView.swift */,
				8430593C2A1CC1B1005C53D8 /* EditorSettings.swift */,
				842567592A204F1D00953981 /* RGB */,
				842567582A204F0F00953981 /* HSL */,
				842567572A204EFB00953981 /* HSB */,
				8472FCFA2A161A2B00F3B862 /* ColorInfo */,
				844A96212A15C90D00E62376 /* ComponentInput */,
				844A96202A15C8AA00E62376 /* Sliders */,
				84D323752A146971000292D9 /* ColorModelPicker.swift */,
			);
			path = Editor;
			sourceTree = "<group>";
		};
		84BB73592A15C6AB0017B9DF /* ColorList */ = {
			isa = PBXGroup;
			children = (
				8402C3B32A0F770C00CCC582 /* ColorListRow.swift */,
				8429485F2A0C93E6001FA318 /* ColorList.swift */,
				8400BE102A31D51000C2029E /* ColorUpdateView.swift */,
				842CFD182A3B085300406EB0 /* SearchBar.swift */,
			);
			path = ColorList;
			sourceTree = "<group>";
		};
		84BB735A2A15C6D80017B9DF /* UI */ = {
			isa = PBXGroup;
			children = (
				846211EB2A1380B90009E048 /* CheckerBoardBackground.swift */,
				846211ED2A13B7640009E048 /* SolidButtonStyle.swift */,
				842CFD162A3B062100406EB0 /* ColorSwatch.swift */,
			);
			path = UI;
			sourceTree = "<group>";
		};
/* End PBXGroup section */

/* Begin PBXNativeTarget section */
		842948482A0C818E001FA318 /* Solid */ = {
			isa = PBXNativeTarget;
			buildConfigurationList = 842948582A0C8190001FA318 /* Build configuration list for PBXNativeTarget "Solid" */;
			buildPhases = (
				842948452A0C818E001FA318 /* Sources */,
				842948462A0C818E001FA318 /* Frameworks */,
				842948472A0C818E001FA318 /* Resources */,
			);
			buildRules = (
			);
			dependencies = (
			);
			name = Solid;
			packageProductDependencies = (
				8430593A2A1CC121005C53D8 /* Defaults */,
			);
			productName = Solid;
			productReference = 842948492A0C818E001FA318 /* Solid.app */;
			productType = "com.apple.product-type.application";
		};
/* End PBXNativeTarget section */

/* Begin PBXProject section */
		842948412A0C818E001FA318 /* Project object */ = {
			isa = PBXProject;
			attributes = {
				BuildIndependentTargetsInParallel = 1;
				LastSwiftUpdateCheck = 1420;
				LastUpgradeCheck = 1420;
				TargetAttributes = {
					842948482A0C818E001FA318 = {
						CreatedOnToolsVersion = 14.2;
					};
				};
			};
			buildConfigurationList = 842948442A0C818E001FA318 /* Build configuration list for PBXProject "Solid" */;
			compatibilityVersion = "Xcode 14.0";
			developmentRegion = en;
			hasScannedForEncodings = 0;
			knownRegions = (
				en,
				Base,
			);
			mainGroup = 842948402A0C818E001FA318;
			packageReferences = (
				843059392A1CC121005C53D8 /* XCRemoteSwiftPackageReference "Defaults" */,
			);
			productRefGroup = 8429484A2A0C818E001FA318 /* Products */;
			projectDirPath = "";
			projectRoot = "";
			targets = (
				842948482A0C818E001FA318 /* Solid */,
			);
		};
/* End PBXProject section */

/* Begin PBXResourcesBuildPhase section */
		842948472A0C818E001FA318 /* Resources */ = {
			isa = PBXResourcesBuildPhase;
			buildActionMask = 2147483647;
			files = (
				842948542A0C8190001FA318 /* Preview Assets.xcassets in Resources */,
				842948512A0C8190001FA318 /* Assets.xcassets in Resources */,
			);
			runOnlyForDeploymentPostprocessing = 0;
		};
/* End PBXResourcesBuildPhase section */

/* Begin PBXSourcesBuildPhase section */
		842948452A0C818E001FA318 /* Sources */ = {
			isa = PBXSourcesBuildPhase;
			buildActionMask = 2147483647;
			files = (
				8429488C2A0E6E26001FA318 /* ColorSamplerView.swift in Sources */,
				8429484F2A0C818E001FA318 /* ContentView.swift in Sources */,
				843ADD712A11C92600DCCCF0 /* ComponentInput.swift in Sources */,
				842948652A0C9853001FA318 /* PersistenceController.swift in Sources */,
				8429484D2A0C818E001FA318 /* SolidApp.swift in Sources */,
				844BB96B2A4A8E3D003C6734 /* PersistenceController+Preview.swift in Sources */,
				84D323782A14D2A8000292D9 /* RGBAInputGroup.swift in Sources */,
				846211E62A1373F90009E048 /* Comparable+Clamped.swift in Sources */,
				8402C3B42A0F770C00CCC582 /* ColorListRow.swift in Sources */,
				84A2DC362A1F0094002D3A12 /* ColorPublisher.swift in Sources */,
				846211EE2A13B7640009E048 /* SolidButtonStyle.swift in Sources */,
				84757BE12A170FA9004B9EE0 /* SaveColorButton.swift in Sources */,
				8429485E2A0C9342001FA318 /* Editor.swift in Sources */,
				846211E82A1376A70009E048 /* AlphaSlider.swift in Sources */,
				842CFD192A3B085300406EB0 /* SearchBar.swift in Sources */,
				844488C12A185E4E001F41B0 /* InputGroup.swift in Sources */,
				842CFD172A3B062100406EB0 /* ColorSwatch.swift in Sources */,
				84E903EE2A1DC1BD00E65805 /* DualAxisSlider.swift in Sources */,
				84757BE82A175956004B9EE0 /* HSLEditor.swift in Sources */,
				843059462A1CC7BE005C53D8 /* ColorSettings.swift in Sources */,
				843059402A1CC4AA005C53D8 /* AppSettings.swift in Sources */,
				8455B2022A1662B400EB335B /* ColorProfileSupportDetail.swift in Sources */,
				843059442A1CC61C005C53D8 /* GeneralSettings.swift in Sources */,
				842948632A0C97B2001FA318 /* Solid.xcdatamodeld in Sources */,
				8402C3BA2A0F7C6F00CCC582 /* NSColor+Hex.swift in Sources */,
				843ADD732A11DD8200DCCCF0 /* HSBAInputGroup.swift in Sources */,
				84AF1BD82A4C136800EBC3B2 /* CopyHexButton.swift in Sources */,
				846211EA2A137E3E0009E048 /* Slider.swift in Sources */,
				842567562A204CD000953981 /* ColorSampler.swift in Sources */,
				84757BF12A177CA6004B9EE0 /* HSLAInputGroup.swift in Sources */,
				846211E42A13711A0009E048 /* HueSlider.swift in Sources */,
				842948602A0C93E6001FA318 /* ColorList.swift in Sources */,
				84757BEF2A1776F7004B9EE0 /* ColorModel.swift in Sources */,
				8400BE112A31D51000C2029E /* ColorUpdateView.swift in Sources */,
				842423472A17057500056AC5 /* CurrentColorProfile.swift in Sources */,
				8400BE0F2A31D1D500C2029E /* ColorEditorView.swift in Sources */,
				845EEE932A2DCA340074B167 /* RestoreWindowFrameModifier.swift in Sources */,
				846211EC2A1380B90009E048 /* CheckerBoardBackground.swift in Sources */,
				843D4C562A0F860600C04536 /* SolidTabView.swift in Sources */,
				84757BE42A17524A004B9EE0 /* HSBEditor.swift in Sources */,
				8402C3B22A0F752500CCC582 /* SaveColorForm.swift in Sources */,
				8429485C2A0C8694001FA318 /* SaturationBrightnessSlider.swift in Sources */,
				8499A7DD2A1F60D600378468 /* AppMenuBar.swift in Sources */,
				8402C3B82A0F7BD900CCC582 /* ColorInfo.swift in Sources */,
				8455B1E52A1632CD00EB335B /* ColorSpace.swift in Sources */,
				8430593D2A1CC1B1005C53D8 /* EditorSettings.swift in Sources */,
				84A7EEBD2A259FF300A5C532 /* HexInput.swift in Sources */,
				84D323762A146971000292D9 /* ColorModelPicker.swift in Sources */,
				84757BEB2A1759F0004B9EE0 /* SaturationLightnessSlider.swift in Sources */,
				845EEE952A2DCA6C0074B167 /* SyncStayOnTopModifier.swift in Sources */,
				84757BED2A175A7D004B9EE0 /* NSColor+HSL.swift in Sources */,
				8425675C2A21D6FB00953981 /* ColorFormatter.swift in Sources */,
				8400BE0D2A31C87400C2029E /* NSColor+CSS.swift in Sources */,
				84757BE62A1755C3004B9EE0 /* RGBEditor.swift in Sources */,
				84AF1BDA2A4C1F3B00EBC3B2 /* MenuBarProvider.swift in Sources */,
			);
			runOnlyForDeploymentPostprocessing = 0;
		};
/* End PBXSourcesBuildPhase section */

/* Begin XCBuildConfiguration section */
		842948562A0C8190001FA318 /* Debug */ = {
			isa = XCBuildConfiguration;
			buildSettings = {
				ALWAYS_SEARCH_USER_PATHS = NO;
				CLANG_ANALYZER_NONNULL = YES;
				CLANG_ANALYZER_NUMBER_OBJECT_CONVERSION = YES_AGGRESSIVE;
				CLANG_CXX_LANGUAGE_STANDARD = "gnu++20";
				CLANG_ENABLE_MODULES = YES;
				CLANG_ENABLE_OBJC_ARC = YES;
				CLANG_ENABLE_OBJC_WEAK = YES;
				CLANG_WARN_BLOCK_CAPTURE_AUTORELEASING = YES;
				CLANG_WARN_BOOL_CONVERSION = YES;
				CLANG_WARN_COMMA = YES;
				CLANG_WARN_CONSTANT_CONVERSION = YES;
				CLANG_WARN_DEPRECATED_OBJC_IMPLEMENTATIONS = YES;
				CLANG_WARN_DIRECT_OBJC_ISA_USAGE = YES_ERROR;
				CLANG_WARN_DOCUMENTATION_COMMENTS = YES;
				CLANG_WARN_EMPTY_BODY = YES;
				CLANG_WARN_ENUM_CONVERSION = YES;
				CLANG_WARN_INFINITE_RECURSION = YES;
				CLANG_WARN_INT_CONVERSION = YES;
				CLANG_WARN_NON_LITERAL_NULL_CONVERSION = YES;
				CLANG_WARN_OBJC_IMPLICIT_RETAIN_SELF = YES;
				CLANG_WARN_OBJC_LITERAL_CONVERSION = YES;
				CLANG_WARN_OBJC_ROOT_CLASS = YES_ERROR;
				CLANG_WARN_QUOTED_INCLUDE_IN_FRAMEWORK_HEADER = YES;
				CLANG_WARN_RANGE_LOOP_ANALYSIS = YES;
				CLANG_WARN_STRICT_PROTOTYPES = YES;
				CLANG_WARN_SUSPICIOUS_MOVE = YES;
				CLANG_WARN_UNGUARDED_AVAILABILITY = YES_AGGRESSIVE;
				CLANG_WARN_UNREACHABLE_CODE = YES;
				CLANG_WARN__DUPLICATE_METHOD_MATCH = YES;
				COPY_PHASE_STRIP = NO;
				DEBUG_INFORMATION_FORMAT = dwarf;
				ENABLE_STRICT_OBJC_MSGSEND = YES;
				ENABLE_TESTABILITY = YES;
				GCC_C_LANGUAGE_STANDARD = gnu11;
				GCC_DYNAMIC_NO_PIC = NO;
				GCC_NO_COMMON_BLOCKS = YES;
				GCC_OPTIMIZATION_LEVEL = 0;
				GCC_PREPROCESSOR_DEFINITIONS = (
					"DEBUG=1",
					"$(inherited)",
				);
				GCC_WARN_64_TO_32_BIT_CONVERSION = YES;
				GCC_WARN_ABOUT_RETURN_TYPE = YES_ERROR;
				GCC_WARN_UNDECLARED_SELECTOR = YES;
				GCC_WARN_UNINITIALIZED_AUTOS = YES_AGGRESSIVE;
				GCC_WARN_UNUSED_FUNCTION = YES;
				GCC_WARN_UNUSED_VARIABLE = YES;
				MACOSX_DEPLOYMENT_TARGET = 12.6;
				MTL_ENABLE_DEBUG_INFO = INCLUDE_SOURCE;
				MTL_FAST_MATH = YES;
				ONLY_ACTIVE_ARCH = YES;
				SDKROOT = macosx;
				SWIFT_ACTIVE_COMPILATION_CONDITIONS = DEBUG;
				SWIFT_OPTIMIZATION_LEVEL = "-Onone";
			};
			name = Debug;
		};
		842948572A0C8190001FA318 /* Release */ = {
			isa = XCBuildConfiguration;
			buildSettings = {
				ALWAYS_SEARCH_USER_PATHS = NO;
				CLANG_ANALYZER_NONNULL = YES;
				CLANG_ANALYZER_NUMBER_OBJECT_CONVERSION = YES_AGGRESSIVE;
				CLANG_CXX_LANGUAGE_STANDARD = "gnu++20";
				CLANG_ENABLE_MODULES = YES;
				CLANG_ENABLE_OBJC_ARC = YES;
				CLANG_ENABLE_OBJC_WEAK = YES;
				CLANG_WARN_BLOCK_CAPTURE_AUTORELEASING = YES;
				CLANG_WARN_BOOL_CONVERSION = YES;
				CLANG_WARN_COMMA = YES;
				CLANG_WARN_CONSTANT_CONVERSION = YES;
				CLANG_WARN_DEPRECATED_OBJC_IMPLEMENTATIONS = YES;
				CLANG_WARN_DIRECT_OBJC_ISA_USAGE = YES_ERROR;
				CLANG_WARN_DOCUMENTATION_COMMENTS = YES;
				CLANG_WARN_EMPTY_BODY = YES;
				CLANG_WARN_ENUM_CONVERSION = YES;
				CLANG_WARN_INFINITE_RECURSION = YES;
				CLANG_WARN_INT_CONVERSION = YES;
				CLANG_WARN_NON_LITERAL_NULL_CONVERSION = YES;
				CLANG_WARN_OBJC_IMPLICIT_RETAIN_SELF = YES;
				CLANG_WARN_OBJC_LITERAL_CONVERSION = YES;
				CLANG_WARN_OBJC_ROOT_CLASS = YES_ERROR;
				CLANG_WARN_QUOTED_INCLUDE_IN_FRAMEWORK_HEADER = YES;
				CLANG_WARN_RANGE_LOOP_ANALYSIS = YES;
				CLANG_WARN_STRICT_PROTOTYPES = YES;
				CLANG_WARN_SUSPICIOUS_MOVE = YES;
				CLANG_WARN_UNGUARDED_AVAILABILITY = YES_AGGRESSIVE;
				CLANG_WARN_UNREACHABLE_CODE = YES;
				CLANG_WARN__DUPLICATE_METHOD_MATCH = YES;
				COPY_PHASE_STRIP = NO;
				DEBUG_INFORMATION_FORMAT = "dwarf-with-dsym";
				ENABLE_NS_ASSERTIONS = NO;
				ENABLE_STRICT_OBJC_MSGSEND = YES;
				GCC_C_LANGUAGE_STANDARD = gnu11;
				GCC_NO_COMMON_BLOCKS = YES;
				GCC_WARN_64_TO_32_BIT_CONVERSION = YES;
				GCC_WARN_ABOUT_RETURN_TYPE = YES_ERROR;
				GCC_WARN_UNDECLARED_SELECTOR = YES;
				GCC_WARN_UNINITIALIZED_AUTOS = YES_AGGRESSIVE;
				GCC_WARN_UNUSED_FUNCTION = YES;
				GCC_WARN_UNUSED_VARIABLE = YES;
				MACOSX_DEPLOYMENT_TARGET = 12.6;
				MTL_ENABLE_DEBUG_INFO = NO;
				MTL_FAST_MATH = YES;
				SDKROOT = macosx;
				SWIFT_COMPILATION_MODE = wholemodule;
				SWIFT_OPTIMIZATION_LEVEL = "-O";
			};
			name = Release;
		};
		842948592A0C8190001FA318 /* Debug */ = {
			isa = XCBuildConfiguration;
			buildSettings = {
				ASSETCATALOG_COMPILER_APPICON_NAME = AppIcon;
				ASSETCATALOG_COMPILER_GLOBAL_ACCENT_COLOR_NAME = AccentColor;
				CODE_SIGN_ENTITLEMENTS = Solid/Solid.entitlements;
				CODE_SIGN_STYLE = Automatic;
				COMBINE_HIDPI_IMAGES = YES;
				CURRENT_PROJECT_VERSION = 1;
				DEVELOPMENT_ASSET_PATHS = "\"Solid/Preview Content\"";
				DEVELOPMENT_TEAM = H86LB2Y5NW;
				ENABLE_HARDENED_RUNTIME = YES;
				ENABLE_PREVIEWS = YES;
				GENERATE_INFOPLIST_FILE = YES;
				INFOPLIST_KEY_NSHumanReadableCopyright = "";
				LD_RUNPATH_SEARCH_PATHS = (
					"$(inherited)",
					"@executable_path/../Frameworks",
				);
				MACOSX_DEPLOYMENT_TARGET = 12.0;
				MARKETING_VERSION = 1.0;
				PRODUCT_BUNDLE_IDENTIFIER = foo.pham.Solid;
				PRODUCT_NAME = "$(TARGET_NAME)";
				SWIFT_EMIT_LOC_STRINGS = YES;
				SWIFT_VERSION = 5.0;
			};
			name = Debug;
		};
		8429485A2A0C8190001FA318 /* Release */ = {
			isa = XCBuildConfiguration;
			buildSettings = {
				ASSETCATALOG_COMPILER_APPICON_NAME = AppIcon;
				ASSETCATALOG_COMPILER_GLOBAL_ACCENT_COLOR_NAME = AccentColor;
				CODE_SIGN_ENTITLEMENTS = Solid/Solid.entitlements;
				CODE_SIGN_STYLE = Automatic;
				COMBINE_HIDPI_IMAGES = YES;
				CURRENT_PROJECT_VERSION = 1;
				DEVELOPMENT_ASSET_PATHS = "\"Solid/Preview Content\"";
				DEVELOPMENT_TEAM = H86LB2Y5NW;
				ENABLE_HARDENED_RUNTIME = YES;
				ENABLE_PREVIEWS = YES;
				GENERATE_INFOPLIST_FILE = YES;
				INFOPLIST_KEY_NSHumanReadableCopyright = "";
				LD_RUNPATH_SEARCH_PATHS = (
					"$(inherited)",
					"@executable_path/../Frameworks",
				);
				MACOSX_DEPLOYMENT_TARGET = 12.0;
				MARKETING_VERSION = 1.0;
				PRODUCT_BUNDLE_IDENTIFIER = foo.pham.Solid;
				PRODUCT_NAME = "$(TARGET_NAME)";
				SWIFT_EMIT_LOC_STRINGS = YES;
				SWIFT_VERSION = 5.0;
			};
			name = Release;
		};
/* End XCBuildConfiguration section */

/* Begin XCConfigurationList section */
		842948442A0C818E001FA318 /* Build configuration list for PBXProject "Solid" */ = {
			isa = XCConfigurationList;
			buildConfigurations = (
				842948562A0C8190001FA318 /* Debug */,
				842948572A0C8190001FA318 /* Release */,
			);
			defaultConfigurationIsVisible = 0;
			defaultConfigurationName = Release;
		};
		842948582A0C8190001FA318 /* Build configuration list for PBXNativeTarget "Solid" */ = {
			isa = XCConfigurationList;
			buildConfigurations = (
				842948592A0C8190001FA318 /* Debug */,
				8429485A2A0C8190001FA318 /* Release */,
			);
			defaultConfigurationIsVisible = 0;
			defaultConfigurationName = Release;
		};
/* End XCConfigurationList section */

/* Begin XCRemoteSwiftPackageReference section */
		843059392A1CC121005C53D8 /* XCRemoteSwiftPackageReference "Defaults" */ = {
			isa = XCRemoteSwiftPackageReference;
			repositoryURL = "https://github.com/sindresorhus/Defaults";
			requirement = {
				kind = upToNextMinorVersion;
				minimumVersion = 7.2.0;
			};
		};
/* End XCRemoteSwiftPackageReference section */

/* Begin XCSwiftPackageProductDependency section */
		8430593A2A1CC121005C53D8 /* Defaults */ = {
			isa = XCSwiftPackageProductDependency;
			package = 843059392A1CC121005C53D8 /* XCRemoteSwiftPackageReference "Defaults" */;
			productName = Defaults;
		};
/* End XCSwiftPackageProductDependency section */

/* Begin XCVersionGroup section */
		842948612A0C97B2001FA318 /* Solid.xcdatamodeld */ = {
			isa = XCVersionGroup;
			children = (
				842948622A0C97B2001FA318 /* Solid.xcdatamodel */,
			);
			currentVersion = 842948622A0C97B2001FA318 /* Solid.xcdatamodel */;
			path = Solid.xcdatamodeld;
			sourceTree = "<group>";
			versionGroupType = wrapper.xcdatamodel;
		};
/* End XCVersionGroup section */
	};
	rootObject = 842948412A0C818E001FA318 /* Project object */;
}
